
Microsoft Visual Studio Solution File, Format Version 12.00
# Visual Studio 15
VisualStudioVersion = 15.0.28307.489
MinimumVisualStudioVersion = 10.0.40219.1
Project("{FAE04EC0-301F-11D3-BF4B-00C04F79EFBC}") = "Insperity.Integration.Trucking.Business", "Insperity.Integration.Trucking.Business\Insperity.Integration.Trucking.Business.csproj", "{FB8CE891-778A-4F5F-A7A1-E6788E4A7EDA}"
EndProject
Project("{FAE04EC0-301F-11D3-BF4B-00C04F79EFBC}") = "Insperity.Integration.Trucking.Test", "Insperity.Integration.Trucking.Test\Insperity.Integration.Trucking.Test.csproj", "{F54ED621-9EBE-4864-967D-2C4B93403CF3}"
EndProject
Project("{FAE04EC0-301F-11D3-BF4B-00C04F79EFBC}") = "Insperity.Integration.Trucking.Core", "Insperity.Integration.Trucking.Core\Insperity.Integration.Trucking.Core.csproj", "{C571E31C-18B4-41A9-A758-04B601780C11}"
EndProject
Global
	GlobalSection(SolutionConfigurationPlatforms) = preSolution
		Debug|Any CPU = Debug|Any CPU
		Release|Any CPU = Release|Any CPU
	EndGlobalSection
	GlobalSection(ProjectConfigurationPlatforms) = postSolution
		{FB8CE891-778A-4F5F-A7A1-E6788E4A7EDA}.Debug|Any CPU.ActiveCfg = Debug|Any CPU
		{FB8CE891-778A-4F5F-A7A1-E6788E4A7EDA}.Debug|Any CPU.Build.0 = Debug|Any CPU
		{FB8CE891-778A-4F5F-A7A1-E6788E4A7EDA}.Release|Any CPU.ActiveCfg = Release|Any CPU
		{FB8CE891-778A-4F5F-A7A1-E6788E4A7EDA}.Release|Any CPU.Build.0 = Release|Any CPU
		{F54ED621-9EBE-4864-967D-2C4B93403CF3}.Debug|Any CPU.ActiveCfg = Debug|Any CPU
		{F54ED621-9EBE-4864-967D-2C4B93403CF3}.Debug|Any CPU.Build.0 = Debug|Any CPU
		{F54ED621-9EBE-4864-967D-2C4B93403CF3}.Release|Any CPU.ActiveCfg = Release|Any CPU
		{F54ED621-9EBE-4864-967D-2C4B93403CF3}.Release|Any CPU.Build.0 = Release|Any CPU
		{C571E31C-18B4-41A9-A758-04B601780C11}.Debug|Any CPU.ActiveCfg = Debug|Any CPU
		{C571E31C-18B4-41A9-A758-04B601780C11}.Debug|Any CPU.Build.0 = Debug|Any CPU
		{C571E31C-18B4-41A9-A758-04B601780C11}.Release|Any CPU.ActiveCfg = Release|Any CPU
		{C571E31C-18B4-41A9-A758-04B601780C11}.Release|Any CPU.Build.0 = Release|Any CPU
	EndGlobalSection
	GlobalSection(SolutionProperties) = preSolution
		HideSolutionNode = FALSE
	EndGlobalSection
	GlobalSection(ExtensibilityGlobals) = postSolution
		SolutionGuid = {85C2CAB1-3C7F-47E1-89BE-B18DC491887E}
	EndGlobalSection
EndGlobal
